
Microsoft Visual Studio Solution File, Format Version 12.00
# Visual Studio 2013
VisualStudioVersion = 12.0.40629.0
MinimumVisualStudioVersion = 10.0.40219.1
Project("{8BC9CEB8-8B4A-11D0-8D11-00A0C91BC942}") = "IPCPlaySDK", "IPCPlaySDK\IPCPlaySDK.vcxproj", "{CEA53F20-0470-4F00-B2DE-C049FCF04F80}"
EndProject
Project("{8BC9CEB8-8B4A-11D0-8D11-00A0C91BC942}") = "IPCPlayDemo", "IPCPlayDemo\IPCPlayDemo.vcxproj", "{85756FC2-A070-4424-99F9-8FB43653C27D}"
EndProject
Project("{8BC9CEB8-8B4A-11D0-8D11-00A0C91BC942}") = "PlayDemoWin32", "PlayDemoWin32\PlayDemoWin32.vcxproj", "{9062E5C9-0998-4C8D-A056-4F56BA9F056F}"
EndProject
Project("{8BC9CEB8-8B4A-11D0-8D11-00A0C91BC942}") = "ComboPlay", "ComboPlay\ComboPlay.vcxproj", "{C4C7A9DB-373F-4AC5-BEEF-83BE97ABB94C}"
EndProject
Project("{8BC9CEB8-8B4A-11D0-8D11-00A0C91BC942}") = "SyncPlayer", "SyncPlayer\SyncPlayer.vcxproj", "{7E151E3C-154C-4D88-9F76-529DC22A2B8D}"
	ProjectSection(ProjectDependencies) = postProject
		{CEA53F20-0470-4F00-B2DE-C049FCF04F80} = {CEA53F20-0470-4F00-B2DE-C049FCF04F80}
	EndProjectSection
EndProject
Project("{8BC9CEB8-8B4A-11D0-8D11-00A0C91BC942}") = "TDecodeLeak", "TDecodeLeak\TDecodeLeak.vcxproj", "{14B87607-6AC3-4C1A-B409-65E482F9548D}"
EndProject
Project("{8BC9CEB8-8B4A-11D0-8D11-00A0C91BC942}") = "MagoHAccelConfig", "MagoHAccelConfig\MagoHAccelConfig.vcxproj", "{459FAFEE-FEC5-4337-9938-609667834FB0}"
	ProjectSection(ProjectDependencies) = postProject
		{CEA53F20-0470-4F00-B2DE-C049FCF04F80} = {CEA53F20-0470-4F00-B2DE-C049FCF04F80}
	EndProjectSection
EndProject
Project("{8BC9CEB8-8B4A-11D0-8D11-00A0C91BC942}") = "DHStreamParserSample", "DHStreamParserSample\DHStreamParserSample.vcxproj", "{7C01A154-D299-421B-8F40-BF58825426BC}"
EndProject
Project("{8BC9CEB8-8B4A-11D0-8D11-00A0C91BC942}") = "MemLeakT", "MemLeakT\MemLeakT.vcxproj", "{8233FF37-3C77-4685-9854-86E7F1E19B4D}"
EndProject
Project("{8BC9CEB8-8B4A-11D0-8D11-00A0C91BC942}") = "MagoD3D9Sample", "MagoD3D9Sample\MagoD3D9Sample.vcxproj", "{1F844A8C-2C29-463A-B7CA-FF7262EDA053}"
EndProject
Project("{8BC9CEB8-8B4A-11D0-8D11-00A0C91BC942}") = "DAVTool", "DAVTool\DAVTool.vcxproj", "{36502994-950B-48BD-BB7E-AB6DC88D46B9}"
EndProject
Global
	GlobalSection(SolutionConfigurationPlatforms) = preSolution
		Debug.shared|Win32 = Debug.shared|Win32
		Debug|Win32 = Debug|Win32
		Release.Shared|Win32 = Release.Shared|Win32
		Release|Win32 = Release|Win32
	EndGlobalSection
	GlobalSection(ProjectConfigurationPlatforms) = postSolution
		{CEA53F20-0470-4F00-B2DE-C049FCF04F80}.Debug.shared|Win32.ActiveCfg = Debug.shared|Win32
		{CEA53F20-0470-4F00-B2DE-C049FCF04F80}.Debug.shared|Win32.Build.0 = Debug.shared|Win32
		{CEA53F20-0470-4F00-B2DE-C049FCF04F80}.Debug|Win32.ActiveCfg = Debug|Win32
		{CEA53F20-0470-4F00-B2DE-C049FCF04F80}.Debug|Win32.Build.0 = Debug|Win32
		{CEA53F20-0470-4F00-B2DE-C049FCF04F80}.Release.Shared|Win32.ActiveCfg = Release.Shared|Win32
		{CEA53F20-0470-4F00-B2DE-C049FCF04F80}.Release.Shared|Win32.Build.0 = Release.Shared|Win32
		{CEA53F20-0470-4F00-B2DE-C049FCF04F80}.Release|Win32.ActiveCfg = Release|Win32
		{CEA53F20-0470-4F00-B2DE-C049FCF04F80}.Release|Win32.Build.0 = Release|Win32
		{85756FC2-A070-4424-99F9-8FB43653C27D}.Debug.shared|Win32.ActiveCfg = Debug|Win32
		{85756FC2-A070-4424-99F9-8FB43653C27D}.Debug.shared|Win32.Build.0 = Debug|Win32
		{85756FC2-A070-4424-99F9-8FB43653C27D}.Debug|Win32.ActiveCfg = Debug|Win32
		{85756FC2-A070-4424-99F9-8FB43653C27D}.Debug|Win32.Build.0 = Debug|Win32
		{85756FC2-A070-4424-99F9-8FB43653C27D}.Release.Shared|Win32.ActiveCfg = Release|Win32
		{85756FC2-A070-4424-99F9-8FB43653C27D}.Release.Shared|Win32.Build.0 = Release|Win32
		{85756FC2-A070-4424-99F9-8FB43653C27D}.Release|Win32.ActiveCfg = Release|Win32
		{85756FC2-A070-4424-99F9-8FB43653C27D}.Release|Win32.Build.0 = Release|Win32
		{9062E5C9-0998-4C8D-A056-4F56BA9F056F}.Debug.shared|Win32.ActiveCfg = Debug|Win32
		{9062E5C9-0998-4C8D-A056-4F56BA9F056F}.Debug.shared|Win32.Build.0 = Debug|Win32
		{9062E5C9-0998-4C8D-A056-4F56BA9F056F}.Debug|Win32.ActiveCfg = Debug|Win32
		{9062E5C9-0998-4C8D-A056-4F56BA9F056F}.Debug|Win32.Build.0 = Debug|Win32
		{9062E5C9-0998-4C8D-A056-4F56BA9F056F}.Release.Shared|Win32.ActiveCfg = Release|Win32
		{9062E5C9-0998-4C8D-A056-4F56BA9F056F}.Release.Shared|Win32.Build.0 = Release|Win32
		{9062E5C9-0998-4C8D-A056-4F56BA9F056F}.Release|Win32.ActiveCfg = Release|Win32
		{9062E5C9-0998-4C8D-A056-4F56BA9F056F}.Release|Win32.Build.0 = Release|Win32
		{C4C7A9DB-373F-4AC5-BEEF-83BE97ABB94C}.Debug.shared|Win32.ActiveCfg = Debug|Win32
		{C4C7A9DB-373F-4AC5-BEEF-83BE97ABB94C}.Debug.shared|Win32.Build.0 = Debug|Win32
		{C4C7A9DB-373F-4AC5-BEEF-83BE97ABB94C}.Debug|Win32.ActiveCfg = Debug|Win32
		{C4C7A9DB-373F-4AC5-BEEF-83BE97ABB94C}.Debug|Win32.Build.0 = Debug|Win32
		{C4C7A9DB-373F-4AC5-BEEF-83BE97ABB94C}.Release.Shared|Win32.ActiveCfg = Release|Win32
		{C4C7A9DB-373F-4AC5-BEEF-83BE97ABB94C}.Release.Shared|Win32.Build.0 = Release|Win32
		{C4C7A9DB-373F-4AC5-BEEF-83BE97ABB94C}.Release|Win32.ActiveCfg = Release|Win32
		{C4C7A9DB-373F-4AC5-BEEF-83BE97ABB94C}.Release|Win32.Build.0 = Release|Win32
		{7E151E3C-154C-4D88-9F76-529DC22A2B8D}.Debug.shared|Win32.ActiveCfg = Debug|Win32
		{7E151E3C-154C-4D88-9F76-529DC22A2B8D}.Debug.shared|Win32.Build.0 = Debug|Win32
		{7E151E3C-154C-4D88-9F76-529DC22A2B8D}.Debug|Win32.ActiveCfg = Debug|Win32
		{7E151E3C-154C-4D88-9F76-529DC22A2B8D}.Debug|Win32.Build.0 = Debug|Win32
		{7E151E3C-154C-4D88-9F76-529DC22A2B8D}.Release.Shared|Win32.ActiveCfg = Release|Win32
		{7E151E3C-154C-4D88-9F76-529DC22A2B8D}.Release.Shared|Win32.Build.0 = Release|Win32
		{7E151E3C-154C-4D88-9F76-529DC22A2B8D}.Release|Win32.ActiveCfg = Release|Win32
		{7E151E3C-154C-4D88-9F76-529DC22A2B8D}.Release|Win32.Build.0 = Release|Win32
		{14B87607-6AC3-4C1A-B409-65E482F9548D}.Debug.shared|Win32.ActiveCfg = Debug|Win32
		{14B87607-6AC3-4C1A-B409-65E482F9548D}.Debug.shared|Win32.Build.0 = Debug|Win32
		{14B87607-6AC3-4C1A-B409-65E482F9548D}.Debug|Win32.ActiveCfg = Debug|Win32
		{14B87607-6AC3-4C1A-B409-65E482F9548D}.Debug|Win32.Build.0 = Debug|Win32
		{14B87607-6AC3-4C1A-B409-65E482F9548D}.Release.Shared|Win32.ActiveCfg = Release|Win32
		{14B87607-6AC3-4C1A-B409-65E482F9548D}.Release.Shared|Win32.Build.0 = Release|Win32
		{14B87607-6AC3-4C1A-B409-65E482F9548D}.Release|Win32.ActiveCfg = Release|Win32
		{14B87607-6AC3-4C1A-B409-65E482F9548D}.Release|Win32.Build.0 = Release|Win32
		{459FAFEE-FEC5-4337-9938-609667834FB0}.Debug.shared|Win32.ActiveCfg = Debug|Win32
		{459FAFEE-FEC5-4337-9938-609667834FB0}.Debug.shared|Win32.Build.0 = Debug|Win32
		{459FAFEE-FEC5-4337-9938-609667834FB0}.Debug|Win32.ActiveCfg = Debug|Win32
		{459FAFEE-FEC5-4337-9938-609667834FB0}.Debug|Win32.Build.0 = Debug|Win32
		{459FAFEE-FEC5-4337-9938-609667834FB0}.Release.Shared|Win32.ActiveCfg = Release|Win32
		{459FAFEE-FEC5-4337-9938-609667834FB0}.Release.Shared|Win32.Build.0 = Release|Win32
		{459FAFEE-FEC5-4337-9938-609667834FB0}.Release|Win32.ActiveCfg = Release|Win32
		{459FAFEE-FEC5-4337-9938-609667834FB0}.Release|Win32.Build.0 = Release|Win32
		{7C01A154-D299-421B-8F40-BF58825426BC}.Debug.shared|Win32.ActiveCfg = Debug|Win32
		{7C01A154-D299-421B-8F40-BF58825426BC}.Debug.shared|Win32.Build.0 = Debug|Win32
		{7C01A154-D299-421B-8F40-BF58825426BC}.Debug|Win32.ActiveCfg = Debug|Win32
		{7C01A154-D299-421B-8F40-BF58825426BC}.Debug|Win32.Build.0 = Debug|Win32
		{7C01A154-D299-421B-8F40-BF58825426BC}.Release.Shared|Win32.ActiveCfg = Release|Win32
		{7C01A154-D299-421B-8F40-BF58825426BC}.Release.Shared|Win32.Build.0 = Release|Win32
		{7C01A154-D299-421B-8F40-BF58825426BC}.Release|Win32.ActiveCfg = Release|Win32
		{7C01A154-D299-421B-8F40-BF58825426BC}.Release|Win32.Build.0 = Release|Win32
		{8233FF37-3C77-4685-9854-86E7F1E19B4D}.Debug.shared|Win32.ActiveCfg = Debug|Win32
		{8233FF37-3C77-4685-9854-86E7F1E19B4D}.Debug.shared|Win32.Build.0 = Debug|Win32
		{8233FF37-3C77-4685-9854-86E7F1E19B4D}.Debug|Win32.ActiveCfg = Debug|Win32
		{8233FF37-3C77-4685-9854-86E7F1E19B4D}.Debug|Win32.Build.0 = Debug|Win32
		{8233FF37-3C77-4685-9854-86E7F1E19B4D}.Release.Shared|Win32.ActiveCfg = Release|Win32
		{8233FF37-3C77-4685-9854-86E7F1E19B4D}.Release.Shared|Win32.Build.0 = Release|Win32
		{8233FF37-3C77-4685-9854-86E7F1E19B4D}.Release|Win32.ActiveCfg = Release|Win32
		{8233FF37-3C77-4685-9854-86E7F1E19B4D}.Release|Win32.Build.0 = Release|Win32
		{1F844A8C-2C29-463A-B7CA-FF7262EDA053}.Debug.shared|Win32.ActiveCfg = Debug|Win32
		{1F844A8C-2C29-463A-B7CA-FF7262EDA053}.Debug.shared|Win32.Build.0 = Debug|Win32
		{1F844A8C-2C29-463A-B7CA-FF7262EDA053}.Debug|Win32.ActiveCfg = Debug|Win32
		{1F844A8C-2C29-463A-B7CA-FF7262EDA053}.Debug|Win32.Build.0 = Debug|Win32
		{1F844A8C-2C29-463A-B7CA-FF7262EDA053}.Release.Shared|Win32.ActiveCfg = Release|Win32
		{1F844A8C-2C29-463A-B7CA-FF7262EDA053}.Release.Shared|Win32.Build.0 = Release|Win32
		{1F844A8C-2C29-463A-B7CA-FF7262EDA053}.Release|Win32.ActiveCfg = Release|Win32
		{1F844A8C-2C29-463A-B7CA-FF7262EDA053}.Release|Win32.Build.0 = Release|Win32
		{36502994-950B-48BD-BB7E-AB6DC88D46B9}.Debug.shared|Win32.ActiveCfg = Debug|Win32
		{36502994-950B-48BD-BB7E-AB6DC88D46B9}.Debug.shared|Win32.Build.0 = Debug|Win32
		{36502994-950B-48BD-BB7E-AB6DC88D46B9}.Debug|Win32.ActiveCfg = Debug|Win32
		{36502994-950B-48BD-BB7E-AB6DC88D46B9}.Debug|Win32.Build.0 = Debug|Win32
		{36502994-950B-48BD-BB7E-AB6DC88D46B9}.Release.Shared|Win32.ActiveCfg = Release|Win32
		{36502994-950B-48BD-BB7E-AB6DC88D46B9}.Release.Shared|Win32.Build.0 = Release|Win32
		{36502994-950B-48BD-BB7E-AB6DC88D46B9}.Release|Win32.ActiveCfg = Release|Win32
		{36502994-950B-48BD-BB7E-AB6DC88D46B9}.Release|Win32.Build.0 = Release|Win32
	EndGlobalSection
	GlobalSection(SolutionProperties) = preSolution
		HideSolutionNode = FALSE
	EndGlobalSection
EndGlobal
