
Microsoft Visual Studio Solution File, Format Version 12.00
# Visual Studio 2013
VisualStudioVersion = 12.0.40629.0
MinimumVisualStudioVersion = 10.0.40219.1
Project("{8BC9CEB8-8B4A-11D0-8D11-00A0C91BC942}") = "IPCPlaySDK", "IPCPlaySDK\IPCPlaySDK.vcxproj", "{CEA53F20-0470-4F00-B2DE-C049FCF04F80}"
EndProject
Project("{8BC9CEB8-8B4A-11D0-8D11-00A0C91BC942}") = "IPCPlayDemo", "IPCPlayDemo\IPCPlayDemo.vcxproj", "{85756FC2-A070-4424-99F9-8FB43653C27D}"
EndProject
Project("{8BC9CEB8-8B4A-11D0-8D11-00A0C91BC942}") = "PlayDemoWin32", "PlayDemoWin32\PlayDemoWin32.vcxproj", "{9062E5C9-0998-4C8D-A056-4F56BA9F056F}"
EndProject
Project("{8BC9CEB8-8B4A-11D0-8D11-00A0C91BC942}") = "ComboPlay", "ComboPlay\ComboPlay.vcxproj", "{C4C7A9DB-373F-4AC5-BEEF-83BE97ABB94C}"
EndProject
Project("{8BC9CEB8-8B4A-11D0-8D11-00A0C91BC942}") = "SyncPlayer", "SyncPlayer\SyncPlayer.vcxproj", "{7E151E3C-154C-4D88-9F76-529DC22A2B8D}"
EndProject
Global
	GlobalSection(SolutionConfigurationPlatforms) = preSolution
		Debug.shared|Win32 = Debug.shared|Win32
		Debug|Win32 = Debug|Win32
		Release.Shared|Win32 = Release.Shared|Win32
		Release|Win32 = Release|Win32
	EndGlobalSection
	GlobalSection(ProjectConfigurationPlatforms) = postSolution
		{CEA53F20-0470-4F00-B2DE-C049FCF04F80}.Debug.shared|Win32.ActiveCfg = Debug.shared|Win32
		{CEA53F20-0470-4F00-B2DE-C049FCF04F80}.Debug.shared|Win32.Build.0 = Debug.shared|Win32
		{CEA53F20-0470-4F00-B2DE-C049FCF04F80}.Debug|Win32.ActiveCfg = Debug|Win32
		{CEA53F20-0470-4F00-B2DE-C049FCF04F80}.Debug|Win32.Build.0 = Debug|Win32
		{CEA53F20-0470-4F00-B2DE-C049FCF04F80}.Release.Shared|Win32.ActiveCfg = Release.Shared|Win32
		{CEA53F20-0470-4F00-B2DE-C049FCF04F80}.Release.Shared|Win32.Build.0 = Release.Shared|Win32
		{CEA53F20-0470-4F00-B2DE-C049FCF04F80}.Release|Win32.ActiveCfg = Release|Win32
		{CEA53F20-0470-4F00-B2DE-C049FCF04F80}.Release|Win32.Build.0 = Release|Win32
		{85756FC2-A070-4424-99F9-8FB43653C27D}.Debug.shared|Win32.ActiveCfg = Debug|Win32
		{85756FC2-A070-4424-99F9-8FB43653C27D}.Debug.shared|Win32.Build.0 = Debug|Win32
		{85756FC2-A070-4424-99F9-8FB43653C27D}.Debug|Win32.ActiveCfg = Debug|Win32
		{85756FC2-A070-4424-99F9-8FB43653C27D}.Debug|Win32.Build.0 = Debug|Win32
		{85756FC2-A070-4424-99F9-8FB43653C27D}.Release.Shared|Win32.ActiveCfg = Release|Win32
		{85756FC2-A070-4424-99F9-8FB43653C27D}.Release.Shared|Win32.Build.0 = Release|Win32
		{85756FC2-A070-4424-99F9-8FB43653C27D}.Release|Win32.ActiveCfg = Release|Win32
		{85756FC2-A070-4424-99F9-8FB43653C27D}.Release|Win32.Build.0 = Release|Win32
		{9062E5C9-0998-4C8D-A056-4F56BA9F056F}.Debug.shared|Win32.ActiveCfg = Debug|Win32
		{9062E5C9-0998-4C8D-A056-4F56BA9F056F}.Debug.shared|Win32.Build.0 = Debug|Win32
		{9062E5C9-0998-4C8D-A056-4F56BA9F056F}.Debug|Win32.ActiveCfg = Debug|Win32
		{9062E5C9-0998-4C8D-A056-4F56BA9F056F}.Debug|Win32.Build.0 = Debug|Win32
		{9062E5C9-0998-4C8D-A056-4F56BA9F056F}.Release.Shared|Win32.ActiveCfg = Release|Win32
		{9062E5C9-0998-4C8D-A056-4F56BA9F056F}.Release.Shared|Win32.Build.0 = Release|Win32
		{9062E5C9-0998-4C8D-A056-4F56BA9F056F}.Release|Win32.ActiveCfg = Release|Win32
		{9062E5C9-0998-4C8D-A056-4F56BA9F056F}.Release|Win32.Build.0 = Release|Win32
		{C4C7A9DB-373F-4AC5-BEEF-83BE97ABB94C}.Debug.shared|Win32.ActiveCfg = Debug|Win32
		{C4C7A9DB-373F-4AC5-BEEF-83BE97ABB94C}.Debug.shared|Win32.Build.0 = Debug|Win32
		{C4C7A9DB-373F-4AC5-BEEF-83BE97ABB94C}.Debug|Win32.ActiveCfg = Debug|Win32
		{C4C7A9DB-373F-4AC5-BEEF-83BE97ABB94C}.Debug|Win32.Build.0 = Debug|Win32
		{C4C7A9DB-373F-4AC5-BEEF-83BE97ABB94C}.Release.Shared|Win32.ActiveCfg = Release|Win32
		{C4C7A9DB-373F-4AC5-BEEF-83BE97ABB94C}.Release.Shared|Win32.Build.0 = Release|Win32
		{C4C7A9DB-373F-4AC5-BEEF-83BE97ABB94C}.Release|Win32.ActiveCfg = Release|Win32
		{C4C7A9DB-373F-4AC5-BEEF-83BE97ABB94C}.Release|Win32.Build.0 = Release|Win32
		{7E151E3C-154C-4D88-9F76-529DC22A2B8D}.Debug.shared|Win32.ActiveCfg = Debug|Win32
		{7E151E3C-154C-4D88-9F76-529DC22A2B8D}.Debug.shared|Win32.Build.0 = Debug|Win32
		{7E151E3C-154C-4D88-9F76-529DC22A2B8D}.Debug|Win32.ActiveCfg = Debug|Win32
		{7E151E3C-154C-4D88-9F76-529DC22A2B8D}.Debug|Win32.Build.0 = Debug|Win32
		{7E151E3C-154C-4D88-9F76-529DC22A2B8D}.Release.Shared|Win32.ActiveCfg = Release|Win32
		{7E151E3C-154C-4D88-9F76-529DC22A2B8D}.Release.Shared|Win32.Build.0 = Release|Win32
		{7E151E3C-154C-4D88-9F76-529DC22A2B8D}.Release|Win32.ActiveCfg = Release|Win32
		{7E151E3C-154C-4D88-9F76-529DC22A2B8D}.Release|Win32.Build.0 = Release|Win32
	EndGlobalSection
	GlobalSection(SolutionProperties) = preSolution
		HideSolutionNode = FALSE
	EndGlobalSection
EndGlobal
