<?xml version="1.0" encoding="utf-8"?>
<Project ToolsVersion="4.0" xmlns="http://schemas.microsoft.com/developer/msbuild/2003">
  <ItemGroup>
    <Filter Include="Source Files">
      <UniqueIdentifier>{4FC737F1-C7A5-4376-A066-2A32D752A2FF}</UniqueIdentifier>
      <Extensions>cpp;c;cc;cxx;def;odl;idl;hpj;bat;asm;asmx</Extensions>
    </Filter>
    <Filter Include="Header Files">
      <UniqueIdentifier>{93995380-89BD-4b04-88EB-625FBE52EBFB}</UniqueIdentifier>
      <Extensions>h;hh;hpp;hxx;hm;inl;inc;xsd</Extensions>
    </Filter>
    <Filter Include="Resource Files">
      <UniqueIdentifier>{67DA6AB6-F800-4c08-8B7A-83BB121AAD01}</UniqueIdentifier>
      <Extensions>rc;ico;cur;bmp;dlg;rc2;rct;bin;rgs;gif;jpg;jpeg;jpe;resx;tiff;tif;png;wav;mfcribbon-ms</Extensions>
    </Filter>
    <Filter Include="inc">
      <UniqueIdentifier>{bb0652af-f98d-43c3-b636-caac4354e0bf}</UniqueIdentifier>
    </Filter>
    <Filter Include="DHParser">
      <UniqueIdentifier>{e0774bd3-a1a9-4f50-82c4-6bb6fbba8768}</UniqueIdentifier>
    </Filter>
  </ItemGroup>
  <ItemGroup>
    <Text Include="ReadMe.txt" />
  </ItemGroup>
  <ItemGroup>
    <ClInclude Include="SyncPlayer.h">
      <Filter>Header Files</Filter>
    </ClInclude>
    <ClInclude Include="SyncPlayerDlg.h">
      <Filter>Header Files</Filter>
    </ClInclude>
    <ClInclude Include="stdafx.h">
      <Filter>Header Files</Filter>
    </ClInclude>
    <ClInclude Include="targetver.h">
      <Filter>Header Files</Filter>
    </ClInclude>
    <ClInclude Include="Resource.h">
      <Filter>Header Files</Filter>
    </ClInclude>
    <ClInclude Include="..\Include\Runlog.h">
      <Filter>inc</Filter>
    </ClInclude>
    <ClInclude Include="..\Include\TimeUtility.h">
      <Filter>inc</Filter>
    </ClInclude>
    <ClInclude Include="..\Include\Utility.h">
      <Filter>inc</Filter>
    </ClInclude>
    <ClInclude Include="..\Include\VideoFrame.h">
      <Filter>inc</Filter>
    </ClInclude>
    <ClInclude Include="DHStream.hpp">
      <Filter>Header Files</Filter>
    </ClInclude>
    <ClInclude Include="DhStreamParser\DhStreamParser.h">
      <Filter>DHParser</Filter>
    </ClInclude>
    <ClInclude Include="DhStreamParser\FrameList.h">
      <Filter>DHParser</Filter>
    </ClInclude>
    <ClInclude Include="DhStreamParser\StreamParser.h">
      <Filter>DHParser</Filter>
    </ClInclude>
    <ClInclude Include="DhStreamParser\svacstream.h">
      <Filter>DHParser</Filter>
    </ClInclude>
    <ClInclude Include="..\IPCPlaySDK\IPCPlaySDK.h">
      <Filter>Header Files</Filter>
    </ClInclude>
  </ItemGroup>
  <ItemGroup>
    <ClCompile Include="SyncPlayer.cpp">
      <Filter>Source Files</Filter>
    </ClCompile>
    <ClCompile Include="SyncPlayerDlg.cpp">
      <Filter>Source Files</Filter>
    </ClCompile>
    <ClCompile Include="stdafx.cpp">
      <Filter>Source Files</Filter>
    </ClCompile>
    <ClCompile Include="..\Include\Runlog.cpp">
      <Filter>inc</Filter>
    </ClCompile>
    <ClCompile Include="..\Include\TimeUtility.cpp">
      <Filter>inc</Filter>
    </ClCompile>
    <ClCompile Include="..\Include\Utility.cpp">
      <Filter>inc</Filter>
    </ClCompile>
    <ClCompile Include="..\Include\VideoFrame.cpp">
      <Filter>inc</Filter>
    </ClCompile>
    <ClCompile Include="DhStreamParser\DhStreamParser.cpp">
      <Filter>DHParser</Filter>
    </ClCompile>
    <ClCompile Include="DhStreamParser\StreamParser.cpp">
      <Filter>DHParser</Filter>
    </ClCompile>
    <ClCompile Include="DhStreamParser\svacstream.cpp">
      <Filter>DHParser</Filter>
    </ClCompile>
  </ItemGroup>
  <ItemGroup>
    <ResourceCompile Include="SyncPlayer.rc">
      <Filter>Resource Files</Filter>
    </ResourceCompile>
  </ItemGroup>
  <ItemGroup>
    <None Include="res\SyncPlayer.rc2">
      <Filter>Resource Files</Filter>
    </None>
  </ItemGroup>
  <ItemGroup>
    <Image Include="res\SyncPlayer.ico">
      <Filter>Resource Files</Filter>
    </Image>
  </ItemGroup>
</Project>